// !$*UTF8*$!
{
	archiveVersion = 1;
	classes = {
	};
	objectVersion = 46;
	objects = {

/* Begin PBXBuildFile section */
		3850BD7F1F1974D200EDA6CB /* Bundle+File.swift in Sources */ = {isa = PBXBuildFile; fileRef = 3850BD7E1F1974D200EDA6CB /* Bundle+File.swift */; };
		38BA601E1F17B8BD00854AA1 /* AppDelegate.swift in Sources */ = {isa = PBXBuildFile; fileRef = 38BA601D1F17B8BD00854AA1 /* AppDelegate.swift */; };
		38BA60231F17B8BD00854AA1 /* Main.storyboard in Resources */ = {isa = PBXBuildFile; fileRef = 38BA60211F17B8BD00854AA1 /* Main.storyboard */; };
		38BA60251F17B8BD00854AA1 /* Assets.xcassets in Resources */ = {isa = PBXBuildFile; fileRef = 38BA60241F17B8BD00854AA1 /* Assets.xcassets */; };
		38BA60281F17B8BD00854AA1 /* LaunchScreen.storyboard in Resources */ = {isa = PBXBuildFile; fileRef = 38BA60261F17B8BD00854AA1 /* LaunchScreen.storyboard */; };
		38BA60331F17B8BD00854AA1 /* Toolbox_TestTests.swift in Sources */ = {isa = PBXBuildFile; fileRef = 38BA60321F17B8BD00854AA1 /* Toolbox_TestTests.swift */; };
		38BA603E1F17B8BD00854AA1 /* Toolbox_TestUITests.swift in Sources */ = {isa = PBXBuildFile; fileRef = 38BA603D1F17B8BD00854AA1 /* Toolbox_TestUITests.swift */; };
		38BA60541F1927E500854AA1 /* GMStackViewController.swift in Sources */ = {isa = PBXBuildFile; fileRef = 38BA60531F1927E500854AA1 /* GMStackViewController.swift */; };
		38CB96C31F19323F00DF2AEA /* GMCarouselDatasource.swift in Sources */ = {isa = PBXBuildFile; fileRef = 38CB96C21F19323F00DF2AEA /* GMCarouselDatasource.swift */; };
		38CB96C41F19323F00DF2AEA /* GMCarouselDatasource.swift in Sources */ = {isa = PBXBuildFile; fileRef = 38CB96C21F19323F00DF2AEA /* GMCarouselDatasource.swift */; };
		38CB96C61F19351700DF2AEA /* Toolbox-Test-Data.json in Resources */ = {isa = PBXBuildFile; fileRef = 38CB96C51F19351700DF2AEA /* Toolbox-Test-Data.json */; };
		38CB96C71F19351700DF2AEA /* Toolbox-Test-Data.json in Resources */ = {isa = PBXBuildFile; fileRef = 38CB96C51F19351700DF2AEA /* Toolbox-Test-Data.json */; };
		38F109541F1BBD0F006B6DFE /* Data+JSON.swift in Sources */ = {isa = PBXBuildFile; fileRef = 38F109531F1BBD0F006B6DFE /* Data+JSON.swift */; };
		38F109551F1BBD0F006B6DFE /* Data+JSON.swift in Sources */ = {isa = PBXBuildFile; fileRef = 38F109531F1BBD0F006B6DFE /* Data+JSON.swift */; };
		38F109571F1CE126006B6DFE /* GMCarouselModel.swift in Sources */ = {isa = PBXBuildFile; fileRef = 38F109561F1CE126006B6DFE /* GMCarouselModel.swift */; };
		38F109581F1CE126006B6DFE /* GMCarouselModel.swift in Sources */ = {isa = PBXBuildFile; fileRef = 38F109561F1CE126006B6DFE /* GMCarouselModel.swift */; };
		38F1095A1F1D0956006B6DFE /* GMCarouselModelItem.swift in Sources */ = {isa = PBXBuildFile; fileRef = 38F109591F1D0956006B6DFE /* GMCarouselModelItem.swift */; };
		38F1095B1F1D0956006B6DFE /* GMCarouselModelItem.swift in Sources */ = {isa = PBXBuildFile; fileRef = 38F109591F1D0956006B6DFE /* GMCarouselModelItem.swift */; };
		38F1095D1F1D569C006B6DFE /* GMStackViewController+TableView.swift in Sources */ = {isa = PBXBuildFile; fileRef = 38F1095C1F1D569C006B6DFE /* GMStackViewController+TableView.swift */; };
		38F1095E1F1D569C006B6DFE /* GMStackViewController+TableView.swift in Sources */ = {isa = PBXBuildFile; fileRef = 38F1095C1F1D569C006B6DFE /* GMStackViewController+TableView.swift */; };
		38F109621F1D5CB0006B6DFE /* GMCarouselTableViewCell.swift in Sources */ = {isa = PBXBuildFile; fileRef = 38F109601F1D5CB0006B6DFE /* GMCarouselTableViewCell.swift */; };
		38F109631F1D5CB0006B6DFE /* GMCarouselTableViewCell.swift in Sources */ = {isa = PBXBuildFile; fileRef = 38F109601F1D5CB0006B6DFE /* GMCarouselTableViewCell.swift */; };
		38F109641F1D5CB0006B6DFE /* GMCarouselTableViewCell.xib in Resources */ = {isa = PBXBuildFile; fileRef = 38F109611F1D5CB0006B6DFE /* GMCarouselTableViewCell.xib */; };
		38F109651F1D5CB0006B6DFE /* GMCarouselTableViewCell.xib in Resources */ = {isa = PBXBuildFile; fileRef = 38F109611F1D5CB0006B6DFE /* GMCarouselTableViewCell.xib */; };
		7272F1580FD2E903F71C075B /* Pods_Toolbox_Test.framework in Frameworks */ = {isa = PBXBuildFile; fileRef = 1C242812D11A01FA2C571916 /* Pods_Toolbox_Test.framework */; };
/* End PBXBuildFile section */

/* Begin PBXContainerItemProxy section */
		38BA602F1F17B8BD00854AA1 /* PBXContainerItemProxy */ = {
			isa = PBXContainerItemProxy;
			containerPortal = 38BA60121F17B8BD00854AA1 /* Project object */;
			proxyType = 1;
			remoteGlobalIDString = 38BA60191F17B8BD00854AA1;
			remoteInfo = "Toolbox-Test";
		};
		38BA603A1F17B8BD00854AA1 /* PBXContainerItemProxy */ = {
			isa = PBXContainerItemProxy;
			containerPortal = 38BA60121F17B8BD00854AA1 /* Project object */;
			proxyType = 1;
			remoteGlobalIDString = 38BA60191F17B8BD00854AA1;
			remoteInfo = "Toolbox-Test";
		};
/* End PBXContainerItemProxy section */

/* Begin PBXFileReference section */
		1C242812D11A01FA2C571916 /* Pods_Toolbox_Test.framework */ = {isa = PBXFileReference; explicitFileType = wrapper.framework; includeInIndex = 0; path = Pods_Toolbox_Test.framework; sourceTree = BUILT_PRODUCTS_DIR; };
		2C3252E453FE8DFEDA976C33 /* Pods-Toolbox-Test.release.xcconfig */ = {isa = PBXFileReference; includeInIndex = 1; lastKnownFileType = text.xcconfig; name = "Pods-Toolbox-Test.release.xcconfig"; path = "Pods/Target Support Files/Pods-Toolbox-Test/Pods-Toolbox-Test.release.xcconfig"; sourceTree = "<group>"; };
		3850BD7E1F1974D200EDA6CB /* Bundle+File.swift */ = {isa = PBXFileReference; fileEncoding = 4; lastKnownFileType = sourcecode.swift; path = "Bundle+File.swift"; sourceTree = "<group>"; };
		38BA601A1F17B8BD00854AA1 /* Toolbox-Test.app */ = {isa = PBXFileReference; explicitFileType = wrapper.application; includeInIndex = 0; path = "Toolbox-Test.app"; sourceTree = BUILT_PRODUCTS_DIR; };
		38BA601D1F17B8BD00854AA1 /* AppDelegate.swift */ = {isa = PBXFileReference; lastKnownFileType = sourcecode.swift; path = AppDelegate.swift; sourceTree = "<group>"; };
		38BA60221F17B8BD00854AA1 /* Base */ = {isa = PBXFileReference; lastKnownFileType = file.storyboard; name = Base; path = Base.lproj/Main.storyboard; sourceTree = "<group>"; };
		38BA60241F17B8BD00854AA1 /* Assets.xcassets */ = {isa = PBXFileReference; lastKnownFileType = folder.assetcatalog; path = Assets.xcassets; sourceTree = "<group>"; };
		38BA60271F17B8BD00854AA1 /* Base */ = {isa = PBXFileReference; lastKnownFileType = file.storyboard; name = Base; path = Base.lproj/LaunchScreen.storyboard; sourceTree = "<group>"; };
		38BA60291F17B8BD00854AA1 /* Info.plist */ = {isa = PBXFileReference; lastKnownFileType = text.plist.xml; path = Info.plist; sourceTree = "<group>"; };
		38BA602E1F17B8BD00854AA1 /* Toolbox-TestTests.xctest */ = {isa = PBXFileReference; explicitFileType = wrapper.cfbundle; includeInIndex = 0; path = "Toolbox-TestTests.xctest"; sourceTree = BUILT_PRODUCTS_DIR; };
		38BA60321F17B8BD00854AA1 /* Toolbox_TestTests.swift */ = {isa = PBXFileReference; lastKnownFileType = sourcecode.swift; path = Toolbox_TestTests.swift; sourceTree = "<group>"; };
		38BA60341F17B8BD00854AA1 /* Info.plist */ = {isa = PBXFileReference; lastKnownFileType = text.plist.xml; path = Info.plist; sourceTree = "<group>"; };
		38BA60391F17B8BD00854AA1 /* Toolbox-TestUITests.xctest */ = {isa = PBXFileReference; explicitFileType = wrapper.cfbundle; includeInIndex = 0; path = "Toolbox-TestUITests.xctest"; sourceTree = BUILT_PRODUCTS_DIR; };
		38BA603D1F17B8BD00854AA1 /* Toolbox_TestUITests.swift */ = {isa = PBXFileReference; lastKnownFileType = sourcecode.swift; path = Toolbox_TestUITests.swift; sourceTree = "<group>"; };
		38BA603F1F17B8BD00854AA1 /* Info.plist */ = {isa = PBXFileReference; lastKnownFileType = text.plist.xml; path = Info.plist; sourceTree = "<group>"; };
		38BA60531F1927E500854AA1 /* GMStackViewController.swift */ = {isa = PBXFileReference; fileEncoding = 4; lastKnownFileType = sourcecode.swift; path = GMStackViewController.swift; sourceTree = "<group>"; };
		38CB96C21F19323F00DF2AEA /* GMCarouselDatasource.swift */ = {isa = PBXFileReference; fileEncoding = 4; lastKnownFileType = sourcecode.swift; path = GMCarouselDatasource.swift; sourceTree = "<group>"; };
		38CB96C51F19351700DF2AEA /* Toolbox-Test-Data.json */ = {isa = PBXFileReference; fileEncoding = 4; lastKnownFileType = text.json; path = "Toolbox-Test-Data.json"; sourceTree = "<group>"; };
		38F109531F1BBD0F006B6DFE /* Data+JSON.swift */ = {isa = PBXFileReference; fileEncoding = 4; lastKnownFileType = sourcecode.swift; path = "Data+JSON.swift"; sourceTree = "<group>"; };
		38F109561F1CE126006B6DFE /* GMCarouselModel.swift */ = {isa = PBXFileReference; fileEncoding = 4; lastKnownFileType = sourcecode.swift; path = GMCarouselModel.swift; sourceTree = "<group>"; };
		38F109591F1D0956006B6DFE /* GMCarouselModelItem.swift */ = {isa = PBXFileReference; fileEncoding = 4; lastKnownFileType = sourcecode.swift; path = GMCarouselModelItem.swift; sourceTree = "<group>"; };
		38F1095C1F1D569C006B6DFE /* GMStackViewController+TableView.swift */ = {isa = PBXFileReference; fileEncoding = 4; lastKnownFileType = sourcecode.swift; path = "GMStackViewController+TableView.swift"; sourceTree = "<group>"; };
		38F109601F1D5CB0006B6DFE /* GMCarouselTableViewCell.swift */ = {isa = PBXFileReference; fileEncoding = 4; lastKnownFileType = sourcecode.swift; path = GMCarouselTableViewCell.swift; sourceTree = "<group>"; };
		38F109611F1D5CB0006B6DFE /* GMCarouselTableViewCell.xib */ = {isa = PBXFileReference; fileEncoding = 4; lastKnownFileType = file.xib; path = GMCarouselTableViewCell.xib; sourceTree = "<group>"; };
		D9C49D1F77B9F13817EAED60 /* Pods-Toolbox-Test.debug.xcconfig */ = {isa = PBXFileReference; includeInIndex = 1; lastKnownFileType = text.xcconfig; name = "Pods-Toolbox-Test.debug.xcconfig"; path = "Pods/Target Support Files/Pods-Toolbox-Test/Pods-Toolbox-Test.debug.xcconfig"; sourceTree = "<group>"; };
/* End PBXFileReference section */

/* Begin PBXFrameworksBuildPhase section */
		38BA60171F17B8BD00854AA1 /* Frameworks */ = {
			isa = PBXFrameworksBuildPhase;
			buildActionMask = 2147483647;
			files = (
				7272F1580FD2E903F71C075B /* Pods_Toolbox_Test.framework in Frameworks */,
			);
			runOnlyForDeploymentPostprocessing = 0;
		};
		38BA602B1F17B8BD00854AA1 /* Frameworks */ = {
			isa = PBXFrameworksBuildPhase;
			buildActionMask = 2147483647;
			files = (
			);
			runOnlyForDeploymentPostprocessing = 0;
		};
		38BA60361F17B8BD00854AA1 /* Frameworks */ = {
			isa = PBXFrameworksBuildPhase;
			buildActionMask = 2147483647;
			files = (
			);
			runOnlyForDeploymentPostprocessing = 0;
		};
/* End PBXFrameworksBuildPhase section */

/* Begin PBXGroup section */
		3850BD7C1F195A8F00EDA6CB /* Carousel */ = {
			isa = PBXGroup;
			children = (
				38F109561F1CE126006B6DFE /* GMCarouselModel.swift */,
				38F109591F1D0956006B6DFE /* GMCarouselModelItem.swift */,
			);
			name = Carousel;
			sourceTree = "<group>";
		};
		3850BD7D1F19740F00EDA6CB /* Utils */ = {
			isa = PBXGroup;
			children = (
				3850BD7E1F1974D200EDA6CB /* Bundle+File.swift */,
				38F109531F1BBD0F006B6DFE /* Data+JSON.swift */,
			);
			name = Utils;
			sourceTree = "<group>";
		};
		38BA60111F17B8BD00854AA1 = {
			isa = PBXGroup;
			children = (
				38BA601C1F17B8BD00854AA1 /* Toolbox-Test */,
				38BA60311F17B8BD00854AA1 /* Toolbox-TestTests */,
				38BA603C1F17B8BD00854AA1 /* Toolbox-TestUITests */,
				38BA601B1F17B8BD00854AA1 /* Products */,
				3FCF6EC9BF327AFBD5AF639A /* Pods */,
				94C6DC412F6EDE4BA6B4301B /* Frameworks */,
			);
			sourceTree = "<group>";
		};
		38BA601B1F17B8BD00854AA1 /* Products */ = {
			isa = PBXGroup;
			children = (
				38BA601A1F17B8BD00854AA1 /* Toolbox-Test.app */,
				38BA602E1F17B8BD00854AA1 /* Toolbox-TestTests.xctest */,
				38BA60391F17B8BD00854AA1 /* Toolbox-TestUITests.xctest */,
			);
			name = Products;
			sourceTree = "<group>";
		};
		38BA601C1F17B8BD00854AA1 /* Toolbox-Test */ = {
			isa = PBXGroup;
			children = (
				38F1095F1F1D5C80006B6DFE /* View */,
				3850BD7D1F19740F00EDA6CB /* Utils */,
				38BA60571F19308000854AA1 /* Model */,
				38BA60521F19278F00854AA1 /* ViewController */,
				38BA604E1F17C30C00854AA1 /* Data */,
				38BA601D1F17B8BD00854AA1 /* AppDelegate.swift */,
				38BA60211F17B8BD00854AA1 /* Main.storyboard */,
				38BA60241F17B8BD00854AA1 /* Assets.xcassets */,
				38BA60261F17B8BD00854AA1 /* LaunchScreen.storyboard */,
				38BA60291F17B8BD00854AA1 /* Info.plist */,
			);
			path = "Toolbox-Test";
			sourceTree = "<group>";
		};
		38BA60311F17B8BD00854AA1 /* Toolbox-TestTests */ = {
			isa = PBXGroup;
			children = (
				38BA60321F17B8BD00854AA1 /* Toolbox_TestTests.swift */,
				38BA60341F17B8BD00854AA1 /* Info.plist */,
			);
			path = "Toolbox-TestTests";
			sourceTree = "<group>";
		};
		38BA603C1F17B8BD00854AA1 /* Toolbox-TestUITests */ = {
			isa = PBXGroup;
			children = (
				38BA603D1F17B8BD00854AA1 /* Toolbox_TestUITests.swift */,
				38BA603F1F17B8BD00854AA1 /* Info.plist */,
			);
			path = "Toolbox-TestUITests";
			sourceTree = "<group>";
		};
		38BA604E1F17C30C00854AA1 /* Data */ = {
			isa = PBXGroup;
			children = (
				38CB96C51F19351700DF2AEA /* Toolbox-Test-Data.json */,
			);
			path = Data;
			sourceTree = "<group>";
		};
		38BA60521F19278F00854AA1 /* ViewController */ = {
			isa = PBXGroup;
			children = (
				38BA60531F1927E500854AA1 /* GMStackViewController.swift */,
				38F1095C1F1D569C006B6DFE /* GMStackViewController+TableView.swift */,
			);
			name = ViewController;
			sourceTree = "<group>";
		};
		38BA60571F19308000854AA1 /* Model */ = {
			isa = PBXGroup;
			children = (
				3850BD7C1F195A8F00EDA6CB /* Carousel */,
				38CB96BE1F1931C600DF2AEA /* Datasource */,
			);
			name = Model;
			sourceTree = "<group>";
		};
		38CB96BE1F1931C600DF2AEA /* Datasource */ = {
			isa = PBXGroup;
			children = (
				38CB96C21F19323F00DF2AEA /* GMCarouselDatasource.swift */,
			);
			name = Datasource;
			sourceTree = "<group>";
		};
		38F1095F1F1D5C80006B6DFE /* View */ = {
			isa = PBXGroup;
			children = (
				38F109681F1D6351006B6DFE /* CollectionView */,
				38F109671F1D633D006B6DFE /* TableView */,
			);
			name = View;
			sourceTree = "<group>";
		};
		38F109671F1D633D006B6DFE /* TableView */ = {
			isa = PBXGroup;
			children = (
				38F109601F1D5CB0006B6DFE /* GMCarouselTableViewCell.swift */,
				38F109611F1D5CB0006B6DFE /* GMCarouselTableViewCell.xib */,
			);
			name = TableView;
			sourceTree = "<group>";
		};
		38F109681F1D6351006B6DFE /* CollectionView */ = {
			isa = PBXGroup;
			children = (
			);
			name = CollectionView;
			sourceTree = "<group>";
		};
		3FCF6EC9BF327AFBD5AF639A /* Pods */ = {
			isa = PBXGroup;
			children = (
				D9C49D1F77B9F13817EAED60 /* Pods-Toolbox-Test.debug.xcconfig */,
				2C3252E453FE8DFEDA976C33 /* Pods-Toolbox-Test.release.xcconfig */,
			);
			name = Pods;
			sourceTree = "<group>";
		};
		94C6DC412F6EDE4BA6B4301B /* Frameworks */ = {
			isa = PBXGroup;
			children = (
				1C242812D11A01FA2C571916 /* Pods_Toolbox_Test.framework */,
			);
			name = Frameworks;
			sourceTree = "<group>";
		};
/* End PBXGroup section */

/* Begin PBXNativeTarget section */
		38BA60191F17B8BD00854AA1 /* Toolbox-Test */ = {
			isa = PBXNativeTarget;
			buildConfigurationList = 38BA60421F17B8BD00854AA1 /* Build configuration list for PBXNativeTarget "Toolbox-Test" */;
			buildPhases = (
				56B32D042B04DF3EA50788AD /* [CP] Check Pods Manifest.lock */,
				38BA60161F17B8BD00854AA1 /* Sources */,
				38BA60171F17B8BD00854AA1 /* Frameworks */,
				38BA60181F17B8BD00854AA1 /* Resources */,
				F5252B6778938E08A8053E23 /* [CP] Embed Pods Frameworks */,
				BBCB88320881525DB6D741CF /* [CP] Copy Pods Resources */,
			);
			buildRules = (
			);
			dependencies = (
			);
			name = "Toolbox-Test";
			productName = "Toolbox-Test";
			productReference = 38BA601A1F17B8BD00854AA1 /* Toolbox-Test.app */;
			productType = "com.apple.product-type.application";
		};
		38BA602D1F17B8BD00854AA1 /* Toolbox-TestTests */ = {
			isa = PBXNativeTarget;
			buildConfigurationList = 38BA60451F17B8BD00854AA1 /* Build configuration list for PBXNativeTarget "Toolbox-TestTests" */;
			buildPhases = (
				38BA602A1F17B8BD00854AA1 /* Sources */,
				38BA602B1F17B8BD00854AA1 /* Frameworks */,
				38BA602C1F17B8BD00854AA1 /* Resources */,
			);
			buildRules = (
			);
			dependencies = (
				38BA60301F17B8BD00854AA1 /* PBXTargetDependency */,
			);
			name = "Toolbox-TestTests";
			productName = "Toolbox-TestTests";
			productReference = 38BA602E1F17B8BD00854AA1 /* Toolbox-TestTests.xctest */;
			productType = "com.apple.product-type.bundle.unit-test";
		};
		38BA60381F17B8BD00854AA1 /* Toolbox-TestUITests */ = {
			isa = PBXNativeTarget;
			buildConfigurationList = 38BA60481F17B8BD00854AA1 /* Build configuration list for PBXNativeTarget "Toolbox-TestUITests" */;
			buildPhases = (
				38BA60351F17B8BD00854AA1 /* Sources */,
				38BA60361F17B8BD00854AA1 /* Frameworks */,
				38BA60371F17B8BD00854AA1 /* Resources */,
			);
			buildRules = (
			);
			dependencies = (
				38BA603B1F17B8BD00854AA1 /* PBXTargetDependency */,
			);
			name = "Toolbox-TestUITests";
			productName = "Toolbox-TestUITests";
			productReference = 38BA60391F17B8BD00854AA1 /* Toolbox-TestUITests.xctest */;
			productType = "com.apple.product-type.bundle.ui-testing";
		};
/* End PBXNativeTarget section */

/* Begin PBXProject section */
		38BA60121F17B8BD00854AA1 /* Project object */ = {
			isa = PBXProject;
			attributes = {
				LastSwiftUpdateCheck = 0830;
				LastUpgradeCheck = 0830;
				ORGANIZATIONNAME = "Gaston Montes";
				TargetAttributes = {
					38BA60191F17B8BD00854AA1 = {
						CreatedOnToolsVersion = 8.3.3;
						DevelopmentTeam = T7S5QCJVVG;
						ProvisioningStyle = Automatic;
					};
					38BA602D1F17B8BD00854AA1 = {
						CreatedOnToolsVersion = 8.3.3;
						DevelopmentTeam = T7S5QCJVVG;
						ProvisioningStyle = Automatic;
						TestTargetID = 38BA60191F17B8BD00854AA1;
					};
					38BA60381F17B8BD00854AA1 = {
						CreatedOnToolsVersion = 8.3.3;
						DevelopmentTeam = T7S5QCJVVG;
						ProvisioningStyle = Automatic;
						TestTargetID = 38BA60191F17B8BD00854AA1;
					};
				};
			};
			buildConfigurationList = 38BA60151F17B8BD00854AA1 /* Build configuration list for PBXProject "Toolbox-Test" */;
			compatibilityVersion = "Xcode 3.2";
			developmentRegion = English;
			hasScannedForEncodings = 0;
			knownRegions = (
				en,
				Base,
			);
			mainGroup = 38BA60111F17B8BD00854AA1;
			productRefGroup = 38BA601B1F17B8BD00854AA1 /* Products */;
			projectDirPath = "";
			projectRoot = "";
			targets = (
				38BA60191F17B8BD00854AA1 /* Toolbox-Test */,
				38BA602D1F17B8BD00854AA1 /* Toolbox-TestTests */,
				38BA60381F17B8BD00854AA1 /* Toolbox-TestUITests */,
			);
		};
/* End PBXProject section */

/* Begin PBXResourcesBuildPhase section */
		38BA60181F17B8BD00854AA1 /* Resources */ = {
			isa = PBXResourcesBuildPhase;
			buildActionMask = 2147483647;
			files = (
				38CB96C61F19351700DF2AEA /* Toolbox-Test-Data.json in Resources */,
				38BA60281F17B8BD00854AA1 /* LaunchScreen.storyboard in Resources */,
				38BA60251F17B8BD00854AA1 /* Assets.xcassets in Resources */,
				38BA60231F17B8BD00854AA1 /* Main.storyboard in Resources */,
				38F109641F1D5CB0006B6DFE /* GMCarouselTableViewCell.xib in Resources */,
			);
			runOnlyForDeploymentPostprocessing = 0;
		};
		38BA602C1F17B8BD00854AA1 /* Resources */ = {
			isa = PBXResourcesBuildPhase;
			buildActionMask = 2147483647;
			files = (
				38CB96C71F19351700DF2AEA /* Toolbox-Test-Data.json in Resources */,
				38F109651F1D5CB0006B6DFE /* GMCarouselTableViewCell.xib in Resources */,
			);
			runOnlyForDeploymentPostprocessing = 0;
		};
		38BA60371F17B8BD00854AA1 /* Resources */ = {
			isa = PBXResourcesBuildPhase;
			buildActionMask = 2147483647;
			files = (
			);
			runOnlyForDeploymentPostprocessing = 0;
		};
/* End PBXResourcesBuildPhase section */

/* Begin PBXShellScriptBuildPhase section */
		56B32D042B04DF3EA50788AD /* [CP] Check Pods Manifest.lock */ = {
			isa = PBXShellScriptBuildPhase;
			buildActionMask = 2147483647;
			files = (
			);
			inputPaths = (
			);
			name = "[CP] Check Pods Manifest.lock";
			outputPaths = (
			);
			runOnlyForDeploymentPostprocessing = 0;
			shellPath = /bin/sh;
			shellScript = "diff \"${PODS_PODFILE_DIR_PATH}/Podfile.lock\" \"${PODS_ROOT}/Manifest.lock\" > /dev/null\nif [ $? != 0 ] ; then\n    # print error to STDERR\n    echo \"error: The sandbox is not in sync with the Podfile.lock. Run 'pod install' or update your CocoaPods installation.\" >&2\n    exit 1\nfi\n";
			showEnvVarsInLog = 0;
		};
		BBCB88320881525DB6D741CF /* [CP] Copy Pods Resources */ = {
			isa = PBXShellScriptBuildPhase;
			buildActionMask = 2147483647;
			files = (
			);
			inputPaths = (
			);
			name = "[CP] Copy Pods Resources";
			outputPaths = (
			);
			runOnlyForDeploymentPostprocessing = 0;
			shellPath = /bin/sh;
			shellScript = "\"${SRCROOT}/Pods/Target Support Files/Pods-Toolbox-Test/Pods-Toolbox-Test-resources.sh\"\n";
			showEnvVarsInLog = 0;
		};
		F5252B6778938E08A8053E23 /* [CP] Embed Pods Frameworks */ = {
			isa = PBXShellScriptBuildPhase;
			buildActionMask = 2147483647;
			files = (
			);
			inputPaths = (
			);
			name = "[CP] Embed Pods Frameworks";
			outputPaths = (
			);
			runOnlyForDeploymentPostprocessing = 0;
			shellPath = /bin/sh;
			shellScript = "\"${SRCROOT}/Pods/Target Support Files/Pods-Toolbox-Test/Pods-Toolbox-Test-frameworks.sh\"\n";
			showEnvVarsInLog = 0;
		};
/* End PBXShellScriptBuildPhase section */

/* Begin PBXSourcesBuildPhase section */
		38BA60161F17B8BD00854AA1 /* Sources */ = {
			isa = PBXSourcesBuildPhase;
			buildActionMask = 2147483647;
			files = (
				38BA60541F1927E500854AA1 /* GMStackViewController.swift in Sources */,
				38F1095A1F1D0956006B6DFE /* GMCarouselModelItem.swift in Sources */,
				38F109621F1D5CB0006B6DFE /* GMCarouselTableViewCell.swift in Sources */,
				38F109541F1BBD0F006B6DFE /* Data+JSON.swift in Sources */,
				3850BD7F1F1974D200EDA6CB /* Bundle+File.swift in Sources */,
				38BA601E1F17B8BD00854AA1 /* AppDelegate.swift in Sources */,
				38CB96C31F19323F00DF2AEA /* GMCarouselDatasource.swift in Sources */,
				38F109571F1CE126006B6DFE /* GMCarouselModel.swift in Sources */,
				38F1095D1F1D569C006B6DFE /* GMStackViewController+TableView.swift in Sources */,
			);
			runOnlyForDeploymentPostprocessing = 0;
		};
		38BA602A1F17B8BD00854AA1 /* Sources */ = {
			isa = PBXSourcesBuildPhase;
			buildActionMask = 2147483647;
			files = (
				38CB96C41F19323F00DF2AEA /* GMCarouselDatasource.swift in Sources */,
				38F109551F1BBD0F006B6DFE /* Data+JSON.swift in Sources */,
				38F1095B1F1D0956006B6DFE /* GMCarouselModelItem.swift in Sources */,
				38F1095E1F1D569C006B6DFE /* GMStackViewController+TableView.swift in Sources */,
				38F109631F1D5CB0006B6DFE /* GMCarouselTableViewCell.swift in Sources */,
				38BA60331F17B8BD00854AA1 /* Toolbox_TestTests.swift in Sources */,
				38F109581F1CE126006B6DFE /* GMCarouselModel.swift in Sources */,
			);
			runOnlyForDeploymentPostprocessing = 0;
		};
		38BA60351F17B8BD00854AA1 /* Sources */ = {
			isa = PBXSourcesBuildPhase;
			buildActionMask = 2147483647;
			files = (
				38BA603E1F17B8BD00854AA1 /* Toolbox_TestUITests.swift in Sources */,
			);
			runOnlyForDeploymentPostprocessing = 0;
		};
/* End PBXSourcesBuildPhase section */

/* Begin PBXTargetDependency section */
		38BA60301F17B8BD00854AA1 /* PBXTargetDependency */ = {
			isa = PBXTargetDependency;
			target = 38BA60191F17B8BD00854AA1 /* Toolbox-Test */;
			targetProxy = 38BA602F1F17B8BD00854AA1 /* PBXContainerItemProxy */;
		};
		38BA603B1F17B8BD00854AA1 /* PBXTargetDependency */ = {
			isa = PBXTargetDependency;
			target = 38BA60191F17B8BD00854AA1 /* Toolbox-Test */;
			targetProxy = 38BA603A1F17B8BD00854AA1 /* PBXContainerItemProxy */;
		};
/* End PBXTargetDependency section */

/* Begin PBXVariantGroup section */
		38BA60211F17B8BD00854AA1 /* Main.storyboard */ = {
			isa = PBXVariantGroup;
			children = (
				38BA60221F17B8BD00854AA1 /* Base */,
			);
			name = Main.storyboard;
			sourceTree = "<group>";
		};
		38BA60261F17B8BD00854AA1 /* LaunchScreen.storyboard */ = {
			isa = PBXVariantGroup;
			children = (
				38BA60271F17B8BD00854AA1 /* Base */,
			);
			name = LaunchScreen.storyboard;
			sourceTree = "<group>";
		};
/* End PBXVariantGroup section */

/* Begin XCBuildConfiguration section */
		38BA60401F17B8BD00854AA1 /* Debug */ = {
			isa = XCBuildConfiguration;
			buildSettings = {
				ALWAYS_SEARCH_USER_PATHS = NO;
				CLANG_ANALYZER_NONNULL = YES;
				CLANG_ANALYZER_NUMBER_OBJECT_CONVERSION = YES_AGGRESSIVE;
				CLANG_CXX_LANGUAGE_STANDARD = "gnu++0x";
				CLANG_CXX_LIBRARY = "libc++";
				CLANG_ENABLE_MODULES = YES;
				CLANG_ENABLE_OBJC_ARC = YES;
				CLANG_WARN_BOOL_CONVERSION = YES;
				CLANG_WARN_CONSTANT_CONVERSION = YES;
				CLANG_WARN_DIRECT_OBJC_ISA_USAGE = YES_ERROR;
				CLANG_WARN_DOCUMENTATION_COMMENTS = YES;
				CLANG_WARN_EMPTY_BODY = YES;
				CLANG_WARN_ENUM_CONVERSION = YES;
				CLANG_WARN_INFINITE_RECURSION = YES;
				CLANG_WARN_INT_CONVERSION = YES;
				CLANG_WARN_OBJC_ROOT_CLASS = YES_ERROR;
				CLANG_WARN_SUSPICIOUS_MOVE = YES;
				CLANG_WARN_UNREACHABLE_CODE = YES;
				CLANG_WARN__DUPLICATE_METHOD_MATCH = YES;
				"CODE_SIGN_IDENTITY[sdk=iphoneos*]" = "iPhone Developer";
				COPY_PHASE_STRIP = NO;
				DEBUG_INFORMATION_FORMAT = dwarf;
				ENABLE_STRICT_OBJC_MSGSEND = YES;
				ENABLE_TESTABILITY = YES;
				GCC_C_LANGUAGE_STANDARD = gnu99;
				GCC_DYNAMIC_NO_PIC = NO;
				GCC_NO_COMMON_BLOCKS = YES;
				GCC_OPTIMIZATION_LEVEL = 0;
				GCC_PREPROCESSOR_DEFINITIONS = (
					"DEBUG=1",
					"$(inherited)",
				);
				GCC_WARN_64_TO_32_BIT_CONVERSION = YES;
				GCC_WARN_ABOUT_RETURN_TYPE = YES_ERROR;
				GCC_WARN_UNDECLARED_SELECTOR = YES;
				GCC_WARN_UNINITIALIZED_AUTOS = YES_AGGRESSIVE;
				GCC_WARN_UNUSED_FUNCTION = YES;
				GCC_WARN_UNUSED_VARIABLE = YES;
				IPHONEOS_DEPLOYMENT_TARGET = 10.3;
				MTL_ENABLE_DEBUG_INFO = YES;
				ONLY_ACTIVE_ARCH = YES;
				SDKROOT = iphoneos;
				SWIFT_ACTIVE_COMPILATION_CONDITIONS = DEBUG;
				SWIFT_OPTIMIZATION_LEVEL = "-Onone";
				TARGETED_DEVICE_FAMILY = "1,2";
			};
			name = Debug;
		};
		38BA60411F17B8BD00854AA1 /* Release */ = {
			isa = XCBuildConfiguration;
			buildSettings = {
				ALWAYS_SEARCH_USER_PATHS = NO;
				CLANG_ANALYZER_NONNULL = YES;
				CLANG_ANALYZER_NUMBER_OBJECT_CONVERSION = YES_AGGRESSIVE;
				CLANG_CXX_LANGUAGE_STANDARD = "gnu++0x";
				CLANG_CXX_LIBRARY = "libc++";
				CLANG_ENABLE_MODULES = YES;
				CLANG_ENABLE_OBJC_ARC = YES;
				CLANG_WARN_BOOL_CONVERSION = YES;
				CLANG_WARN_CONSTANT_CONVERSION = YES;
				CLANG_WARN_DIRECT_OBJC_ISA_USAGE = YES_ERROR;
				CLANG_WARN_DOCUMENTATION_COMMENTS = YES;
				CLANG_WARN_EMPTY_BODY = YES;
				CLANG_WARN_ENUM_CONVERSION = YES;
				CLANG_WARN_INFINITE_RECURSION = YES;
				CLANG_WARN_INT_CONVERSION = YES;
				CLANG_WARN_OBJC_ROOT_CLASS = YES_ERROR;
				CLANG_WARN_SUSPICIOUS_MOVE = YES;
				CLANG_WARN_UNREACHABLE_CODE = YES;
				CLANG_WARN__DUPLICATE_METHOD_MATCH = YES;
				"CODE_SIGN_IDENTITY[sdk=iphoneos*]" = "iPhone Developer";
				COPY_PHASE_STRIP = NO;
				DEBUG_INFORMATION_FORMAT = "dwarf-with-dsym";
				ENABLE_NS_ASSERTIONS = NO;
				ENABLE_STRICT_OBJC_MSGSEND = YES;
				GCC_C_LANGUAGE_STANDARD = gnu99;
				GCC_NO_COMMON_BLOCKS = YES;
				GCC_WARN_64_TO_32_BIT_CONVERSION = YES;
				GCC_WARN_ABOUT_RETURN_TYPE = YES_ERROR;
				GCC_WARN_UNDECLARED_SELECTOR = YES;
				GCC_WARN_UNINITIALIZED_AUTOS = YES_AGGRESSIVE;
				GCC_WARN_UNUSED_FUNCTION = YES;
				GCC_WARN_UNUSED_VARIABLE = YES;
				IPHONEOS_DEPLOYMENT_TARGET = 10.3;
				MTL_ENABLE_DEBUG_INFO = NO;
				SDKROOT = iphoneos;
				SWIFT_OPTIMIZATION_LEVEL = "-Owholemodule";
				TARGETED_DEVICE_FAMILY = "1,2";
				VALIDATE_PRODUCT = YES;
			};
			name = Release;
		};
		38BA60431F17B8BD00854AA1 /* Debug */ = {
			isa = XCBuildConfiguration;
			baseConfigurationReference = D9C49D1F77B9F13817EAED60 /* Pods-Toolbox-Test.debug.xcconfig */;
			buildSettings = {
				ASSETCATALOG_COMPILER_APPICON_NAME = AppIcon;
				DEVELOPMENT_TEAM = T7S5QCJVVG;
				INFOPLIST_FILE = "Toolbox-Test/Info.plist";
				IPHONEOS_DEPLOYMENT_TARGET = 10.3;
				LD_RUNPATH_SEARCH_PATHS = "$(inherited) @executable_path/Frameworks";
				PRODUCT_BUNDLE_IDENTIFIER = "GM.Toolbox-Test";
				PRODUCT_NAME = "$(TARGET_NAME)";
				SWIFT_VERSION = 3.0;
			};
			name = Debug;
		};
		38BA60441F17B8BD00854AA1 /* Release */ = {
			isa = XCBuildConfiguration;
			baseConfigurationReference = 2C3252E453FE8DFEDA976C33 /* Pods-Toolbox-Test.release.xcconfig */;
			buildSettings = {
				ASSETCATALOG_COMPILER_APPICON_NAME = AppIcon;
				DEVELOPMENT_TEAM = T7S5QCJVVG;
				INFOPLIST_FILE = "Toolbox-Test/Info.plist";
				IPHONEOS_DEPLOYMENT_TARGET = 10.3;
				LD_RUNPATH_SEARCH_PATHS = "$(inherited) @executable_path/Frameworks";
				PRODUCT_BUNDLE_IDENTIFIER = "GM.Toolbox-Test";
				PRODUCT_NAME = "$(TARGET_NAME)";
				SWIFT_VERSION = 3.0;
			};
			name = Release;
		};
		38BA60461F17B8BD00854AA1 /* Debug */ = {
			isa = XCBuildConfiguration;
			buildSettings = {
				ALWAYS_EMBED_SWIFT_STANDARD_LIBRARIES = YES;
				BUNDLE_LOADER = "$(TEST_HOST)";
				DEVELOPMENT_TEAM = T7S5QCJVVG;
				INFOPLIST_FILE = "Toolbox-TestTests/Info.plist";
				LD_RUNPATH_SEARCH_PATHS = "$(inherited) @executable_path/Frameworks @loader_path/Frameworks";
				PRODUCT_BUNDLE_IDENTIFIER = "GM.Toolbox-TestTests";
				PRODUCT_NAME = "$(TARGET_NAME)";
				SWIFT_VERSION = 3.0;
				TEST_HOST = "$(BUILT_PRODUCTS_DIR)/Toolbox-Test.app/Toolbox-Test";
			};
			name = Debug;
		};
		38BA60471F17B8BD00854AA1 /* Release */ = {
			isa = XCBuildConfiguration;
			buildSettings = {
				ALWAYS_EMBED_SWIFT_STANDARD_LIBRARIES = YES;
				BUNDLE_LOADER = "$(TEST_HOST)";
				DEVELOPMENT_TEAM = T7S5QCJVVG;
				INFOPLIST_FILE = "Toolbox-TestTests/Info.plist";
				LD_RUNPATH_SEARCH_PATHS = "$(inherited) @executable_path/Frameworks @loader_path/Frameworks";
				PRODUCT_BUNDLE_IDENTIFIER = "GM.Toolbox-TestTests";
				PRODUCT_NAME = "$(TARGET_NAME)";
				SWIFT_VERSION = 3.0;
				TEST_HOST = "$(BUILT_PRODUCTS_DIR)/Toolbox-Test.app/Toolbox-Test";
			};
			name = Release;
		};
		38BA60491F17B8BD00854AA1 /* Debug */ = {
			isa = XCBuildConfiguration;
			buildSettings = {
				ALWAYS_EMBED_SWIFT_STANDARD_LIBRARIES = YES;
				DEVELOPMENT_TEAM = T7S5QCJVVG;
				INFOPLIST_FILE = "Toolbox-TestUITests/Info.plist";
				LD_RUNPATH_SEARCH_PATHS = "$(inherited) @executable_path/Frameworks @loader_path/Frameworks";
				PRODUCT_BUNDLE_IDENTIFIER = "GM.Toolbox-TestUITests";
				PRODUCT_NAME = "$(TARGET_NAME)";
				SWIFT_VERSION = 3.0;
				TEST_TARGET_NAME = "Toolbox-Test";
			};
			name = Debug;
		};
		38BA604A1F17B8BD00854AA1 /* Release */ = {
			isa = XCBuildConfiguration;
			buildSettings = {
				ALWAYS_EMBED_SWIFT_STANDARD_LIBRARIES = YES;
				DEVELOPMENT_TEAM = T7S5QCJVVG;
				INFOPLIST_FILE = "Toolbox-TestUITests/Info.plist";
				LD_RUNPATH_SEARCH_PATHS = "$(inherited) @executable_path/Frameworks @loader_path/Frameworks";
				PRODUCT_BUNDLE_IDENTIFIER = "GM.Toolbox-TestUITests";
				PRODUCT_NAME = "$(TARGET_NAME)";
				SWIFT_VERSION = 3.0;
				TEST_TARGET_NAME = "Toolbox-Test";
			};
			name = Release;
		};
/* End XCBuildConfiguration section */

/* Begin XCConfigurationList section */
		38BA60151F17B8BD00854AA1 /* Build configuration list for PBXProject "Toolbox-Test" */ = {
			isa = XCConfigurationList;
			buildConfigurations = (
				38BA60401F17B8BD00854AA1 /* Debug */,
				38BA60411F17B8BD00854AA1 /* Release */,
			);
			defaultConfigurationIsVisible = 0;
			defaultConfigurationName = Release;
		};
		38BA60421F17B8BD00854AA1 /* Build configuration list for PBXNativeTarget "Toolbox-Test" */ = {
			isa = XCConfigurationList;
			buildConfigurations = (
				38BA60431F17B8BD00854AA1 /* Debug */,
				38BA60441F17B8BD00854AA1 /* Release */,
			);
			defaultConfigurationIsVisible = 0;
			defaultConfigurationName = Release;
		};
		38BA60451F17B8BD00854AA1 /* Build configuration list for PBXNativeTarget "Toolbox-TestTests" */ = {
			isa = XCConfigurationList;
			buildConfigurations = (
				38BA60461F17B8BD00854AA1 /* Debug */,
				38BA60471F17B8BD00854AA1 /* Release */,
			);
			defaultConfigurationIsVisible = 0;
			defaultConfigurationName = Release;
		};
		38BA60481F17B8BD00854AA1 /* Build configuration list for PBXNativeTarget "Toolbox-TestUITests" */ = {
			isa = XCConfigurationList;
			buildConfigurations = (
				38BA60491F17B8BD00854AA1 /* Debug */,
				38BA604A1F17B8BD00854AA1 /* Release */,
			);
			defaultConfigurationIsVisible = 0;
			defaultConfigurationName = Release;
		};
/* End XCConfigurationList section */
	};
	rootObject = 38BA60121F17B8BD00854AA1 /* Project object */;
}
